// !$*UTF8*$!
{
	archiveVersion = 1;
	classes = {
	};
	objectVersion = 55;
	objects = {

/* Begin PBXBuildFile section */
		0908679A26E70CA400A83602 /* ProviderDelegate.swift in Sources */ = {isa = PBXBuildFile; fileRef = 0908679926E70CA400A83602 /* ProviderDelegate.swift */; };
		0908679C26E7590A00A83602 /* AppDelegate.swift in Sources */ = {isa = PBXBuildFile; fileRef = 0908679B26E7590A00A83602 /* AppDelegate.swift */; };
		0908679E26E75AAE00A83602 /* ringring.wav in Resources */ = {isa = PBXBuildFile; fileRef = 0908679D26E75AAE00A83602 /* ringring.wav */; };
		09091597271D36AE00A2563A /* FCSDKCallViewModel.swift in Sources */ = {isa = PBXBuildFile; fileRef = 09091596271D36AE00A2563A /* FCSDKCallViewModel.swift */; };
		090F31652710577B00F1D247 /* NSUserActivity+Extension.swift in Sources */ = {isa = PBXBuildFile; fileRef = 090F31642710577B00F1D247 /* NSUserActivity+Extension.swift */; };
		090F31672710579500F1D247 /* StartCallConvertible.swift in Sources */ = {isa = PBXBuildFile; fileRef = 090F31662710579500F1D247 /* StartCallConvertible.swift */; };
		090F3169271057B700F1D247 /* URL+Extension.swift in Sources */ = {isa = PBXBuildFile; fileRef = 090F3168271057B700F1D247 /* URL+Extension.swift */; };
		091F6B4327426CD5001F6F11 /* FCSDKiOS in Frameworks */ = {isa = PBXBuildFile; productRef = 091F6B4227426CD5001F6F11 /* FCSDKiOS */; };
		094C313B26E03658007C6A35 /* Contacts.swift in Sources */ = {isa = PBXBuildFile; fileRef = 094C313A26E03658007C6A35 /* Contacts.swift */; };
		094C313E26E03729007C6A35 /* ContactsCell.swift in Sources */ = {isa = PBXBuildFile; fileRef = 094C313D26E03729007C6A35 /* ContactsCell.swift */; };
		094C314026E0497F007C6A35 /* Welcome.swift in Sources */ = {isa = PBXBuildFile; fileRef = 094C313F26E0497F007C6A35 /* Welcome.swift */; };
		094C314226E078A8007C6A35 /* SettingsSheet.swift in Sources */ = {isa = PBXBuildFile; fileRef = 094C314126E078A8007C6A35 /* SettingsSheet.swift */; };
		094EE30526DCE211008C1637 /* SwiftFCSDKSampleApp.swift in Sources */ = {isa = PBXBuildFile; fileRef = 094EE30426DCE211008C1637 /* SwiftFCSDKSampleApp.swift */; };
		094EE30726DCE211008C1637 /* ContentView.swift in Sources */ = {isa = PBXBuildFile; fileRef = 094EE30626DCE211008C1637 /* ContentView.swift */; };
		094EE30926DCE212008C1637 /* Assets.xcassets in Resources */ = {isa = PBXBuildFile; fileRef = 094EE30826DCE212008C1637 /* Assets.xcassets */; };
		094EE30C26DCE212008C1637 /* Preview Assets.xcassets in Resources */ = {isa = PBXBuildFile; fileRef = 094EE30B26DCE212008C1637 /* Preview Assets.xcassets */; };
		094EE31626DCE212008C1637 /* SwiftFCSDKSampleTests.swift in Sources */ = {isa = PBXBuildFile; fileRef = 094EE31526DCE212008C1637 /* SwiftFCSDKSampleTests.swift */; };
		094EE32026DCE212008C1637 /* SwiftFCSDKSampleUITests.swift in Sources */ = {isa = PBXBuildFile; fileRef = 094EE31F26DCE212008C1637 /* SwiftFCSDKSampleUITests.swift */; };
		0987E8FF26FACE060036454C /* FCSDKCall.swift in Sources */ = {isa = PBXBuildFile; fileRef = 0987E8FE26FACE060036454C /* FCSDKCall.swift */; };
		099F54AF26E87873005500BF /* PlayerView.swift in Sources */ = {isa = PBXBuildFile; fileRef = 099F54AE26E87873005500BF /* PlayerView.swift */; };
		099F54B126E878AD005500BF /* CommunicationViewControllerDelegate.swift in Sources */ = {isa = PBXBuildFile; fileRef = 099F54B026E878AD005500BF /* CommunicationViewControllerDelegate.swift */; };
		099F54B326E88239005500BF /* CallKitManager.swift in Sources */ = {isa = PBXBuildFile; fileRef = 099F54B226E88239005500BF /* CallKitManager.swift */; };
		099F54B526E88AAB005500BF /* CallSheet.swift in Sources */ = {isa = PBXBuildFile; fileRef = 099F54B426E88AAB005500BF /* CallSheet.swift */; };
		09B4A0A126DDAD0700B73ADA /* Communication.swift in Sources */ = {isa = PBXBuildFile; fileRef = 09B4A0A026DDAD0700B73ADA /* Communication.swift */; };
		09B4A0A326DDAD1200B73ADA /* AED.swift in Sources */ = {isa = PBXBuildFile; fileRef = 09B4A0A226DDAD1200B73ADA /* AED.swift */; };
		09B4A0A526DDAD1E00B73ADA /* Session.swift in Sources */ = {isa = PBXBuildFile; fileRef = 09B4A0A426DDAD1E00B73ADA /* Session.swift */; };
		09B4A0A726DDAD3400B73ADA /* Authentication.swift in Sources */ = {isa = PBXBuildFile; fileRef = 09B4A0A626DDAD3400B73ADA /* Authentication.swift */; };
		09B4A0A926DDDCAA00B73ADA /* NetworkManager.swift in Sources */ = {isa = PBXBuildFile; fileRef = 09B4A0A826DDDCAA00B73ADA /* NetworkManager.swift */; };
		09B4A0AB26DDE2FA00B73ADA /* AuthenticationService.swift in Sources */ = {isa = PBXBuildFile; fileRef = 09B4A0AA26DDE2FA00B73ADA /* AuthenticationService.swift */; };
		09CFF9742714EEA700052188 /* FCSDKCallService.swift in Sources */ = {isa = PBXBuildFile; fileRef = 09CFF9732714EEA700052188 /* FCSDKCallService.swift */; };
		09D86CF5270B06C000C62FA0 /* ProviderDelegate+Calls.swift in Sources */ = {isa = PBXBuildFile; fileRef = 09D86CF4270B06C000C62FA0 /* ProviderDelegate+Calls.swift */; };
		09D86CF7270B076800C62FA0 /* FCSDKCallService+ACBClientCallDelegate.swift in Sources */ = {isa = PBXBuildFile; fileRef = 09D86CF6270B076800C62FA0 /* FCSDKCallService+ACBClientCallDelegate.swift */; };
		09D86CF9270B07D900C62FA0 /* FCSDKCallService+ACBClientPhoneDelegate.swift in Sources */ = {isa = PBXBuildFile; fileRef = 09D86CF8270B07D900C62FA0 /* FCSDKCallService+ACBClientPhoneDelegate.swift */; };
		09D86CFD270B089200C62FA0 /* CommunicationViewController+Delegate.swift in Sources */ = {isa = PBXBuildFile; fileRef = 09D86CFC270B089200C62FA0 /* CommunicationViewController+Delegate.swift */; };
		09D86CFF270B08B800C62FA0 /* CommunicationViewController+PiPDelegate.swift in Sources */ = {isa = PBXBuildFile; fileRef = 09D86CFE270B08B800C62FA0 /* CommunicationViewController+PiPDelegate.swift */; };
		09E0DF4727335F8500377C75 /* DialPad.swift in Sources */ = {isa = PBXBuildFile; fileRef = 09E0DF4627335F8500377C75 /* DialPad.swift */; };
		09E0DF4927337A5500377C75 /* DTMFSheet.swift in Sources */ = {isa = PBXBuildFile; fileRef = 09E0DF4827337A5500377C75 /* DTMFSheet.swift */; };
		09E0DFFE27439AB900505F86 /* FCSDKiOS in Frameworks */ = {isa = PBXBuildFile; productRef = 09E0DFFD27439AB900505F86 /* FCSDKiOS */; };
		09E3CE9026DE1F3300249DD8 /* NetworkRepository.swift in Sources */ = {isa = PBXBuildFile; fileRef = 09E3CE8F26DE1F3300249DD8 /* NetworkRepository.swift */; };
		09E3CE9226DE1F4E00249DD8 /* Keychain.swift in Sources */ = {isa = PBXBuildFile; fileRef = 09E3CE9126DE1F4E00249DD8 /* Keychain.swift */; };
		09E3CE9426DE1F8000249DD8 /* LoginViewModel.swift in Sources */ = {isa = PBXBuildFile; fileRef = 09E3CE9326DE1F8000249DD8 /* LoginViewModel.swift */; };
		09E3CE9626DE1F8A00249DD8 /* Login.swift in Sources */ = {isa = PBXBuildFile; fileRef = 09E3CE9526DE1F8A00249DD8 /* Login.swift */; };
		09E3CE9D26DE52AC00249DD8 /* LoginResponse.swift in Sources */ = {isa = PBXBuildFile; fileRef = 09E3CE9C26DE52AC00249DD8 /* LoginResponse.swift */; };
		09E3CE9F26DE52BF00249DD8 /* LoginRequest.swift in Sources */ = {isa = PBXBuildFile; fileRef = 09E3CE9E26DE52BF00249DD8 /* LoginRequest.swift */; };
		09E3CEA126DEF2C200249DD8 /* NetworkMonitor.swift in Sources */ = {isa = PBXBuildFile; fileRef = 09E3CEA026DEF2C200249DD8 /* NetworkMonitor.swift */; };
		09EDF6AF26DF3F4100B34664 /* Communication+ViewControllerRepresenable.swift in Sources */ = {isa = PBXBuildFile; fileRef = 09EDF6AE26DF3F4100B34664 /* Communication+ViewControllerRepresenable.swift */; };
		09EDF6B226DF404700B34664 /* CommunicationViewConroller.swift in Sources */ = {isa = PBXBuildFile; fileRef = 09EDF6B126DF404700B34664 /* CommunicationViewConroller.swift */; };
		09EDF6B926DF83F400B34664 /* AutoResizingTextView.swift in Sources */ = {isa = PBXBuildFile; fileRef = 09EDF6B826DF83F400B34664 /* AutoResizingTextView.swift */; };
		09EDF6BB26DF88A900B34664 /* View+Extension.swift in Sources */ = {isa = PBXBuildFile; fileRef = 09EDF6BA26DF88A900B34664 /* View+Extension.swift */; };
		09EDF6BD26DF8D6300B34664 /* TopicCell.swift in Sources */ = {isa = PBXBuildFile; fileRef = 09EDF6BC26DF8D6300B34664 /* TopicCell.swift */; };
		09F318D326F019600069ED8D /* AppSettings.swift in Sources */ = {isa = PBXBuildFile; fileRef = 09F318D226F019600069ED8D /* AppSettings.swift */; };
/* End PBXBuildFile section */

/* Begin PBXContainerItemProxy section */
		094EE31226DCE212008C1637 /* PBXContainerItemProxy */ = {
			isa = PBXContainerItemProxy;
			containerPortal = 094EE2F926DCE211008C1637 /* Project object */;
			proxyType = 1;
			remoteGlobalIDString = 094EE30026DCE211008C1637;
			remoteInfo = SwiftFCSDKSample;
		};
		094EE31C26DCE212008C1637 /* PBXContainerItemProxy */ = {
			isa = PBXContainerItemProxy;
			containerPortal = 094EE2F926DCE211008C1637 /* Project object */;
			proxyType = 1;
			remoteGlobalIDString = 094EE30026DCE211008C1637;
			remoteInfo = SwiftFCSDKSample;
		};
/* End PBXContainerItemProxy section */

/* Begin PBXCopyFilesBuildPhase section */
		095C4B3C272158D200A0BCEB /* Embed Frameworks */ = {
			isa = PBXCopyFilesBuildPhase;
			buildActionMask = 2147483647;
			dstPath = "";
			dstSubfolderSpec = 10;
			files = (
			);
			name = "Embed Frameworks";
			runOnlyForDeploymentPostprocessing = 0;
		};
/* End PBXCopyFilesBuildPhase section */

/* Begin PBXFileReference section */
		0908679926E70CA400A83602 /* ProviderDelegate.swift */ = {isa = PBXFileReference; lastKnownFileType = sourcecode.swift; path = ProviderDelegate.swift; sourceTree = "<group>"; };
		0908679B26E7590A00A83602 /* AppDelegate.swift */ = {isa = PBXFileReference; lastKnownFileType = sourcecode.swift; path = AppDelegate.swift; sourceTree = "<group>"; };
		0908679D26E75AAE00A83602 /* ringring.wav */ = {isa = PBXFileReference; lastKnownFileType = audio.wav; path = ringring.wav; sourceTree = "<group>"; };
		09091596271D36AE00A2563A /* FCSDKCallViewModel.swift */ = {isa = PBXFileReference; lastKnownFileType = sourcecode.swift; path = FCSDKCallViewModel.swift; sourceTree = "<group>"; };
		090F31642710577B00F1D247 /* NSUserActivity+Extension.swift */ = {isa = PBXFileReference; lastKnownFileType = sourcecode.swift; path = "NSUserActivity+Extension.swift"; sourceTree = "<group>"; };
		090F31662710579500F1D247 /* StartCallConvertible.swift */ = {isa = PBXFileReference; lastKnownFileType = sourcecode.swift; path = StartCallConvertible.swift; sourceTree = "<group>"; };
		090F3168271057B700F1D247 /* URL+Extension.swift */ = {isa = PBXFileReference; lastKnownFileType = sourcecode.swift; path = "URL+Extension.swift"; sourceTree = "<group>"; };
		094344B526F4B0ED001254FA /* README.md */ = {isa = PBXFileReference; lastKnownFileType = net.daringfireball.markdown; path = README.md; sourceTree = "<group>"; };
		094C313A26E03658007C6A35 /* Contacts.swift */ = {isa = PBXFileReference; lastKnownFileType = sourcecode.swift; path = Contacts.swift; sourceTree = "<group>"; };
		094C313D26E03729007C6A35 /* ContactsCell.swift */ = {isa = PBXFileReference; lastKnownFileType = sourcecode.swift; path = ContactsCell.swift; sourceTree = "<group>"; };
		094C313F26E0497F007C6A35 /* Welcome.swift */ = {isa = PBXFileReference; lastKnownFileType = sourcecode.swift; path = Welcome.swift; sourceTree = "<group>"; };
		094C314126E078A8007C6A35 /* SettingsSheet.swift */ = {isa = PBXFileReference; lastKnownFileType = sourcecode.swift; path = SettingsSheet.swift; sourceTree = "<group>"; };
		094EE30126DCE211008C1637 /* SwiftFCSDKSample.app */ = {isa = PBXFileReference; explicitFileType = wrapper.application; includeInIndex = 0; path = SwiftFCSDKSample.app; sourceTree = BUILT_PRODUCTS_DIR; };
		094EE30426DCE211008C1637 /* SwiftFCSDKSampleApp.swift */ = {isa = PBXFileReference; lastKnownFileType = sourcecode.swift; path = SwiftFCSDKSampleApp.swift; sourceTree = "<group>"; };
		094EE30626DCE211008C1637 /* ContentView.swift */ = {isa = PBXFileReference; lastKnownFileType = sourcecode.swift; path = ContentView.swift; sourceTree = "<group>"; };
		094EE30826DCE212008C1637 /* Assets.xcassets */ = {isa = PBXFileReference; lastKnownFileType = folder.assetcatalog; path = Assets.xcassets; sourceTree = "<group>"; };
		094EE30B26DCE212008C1637 /* Preview Assets.xcassets */ = {isa = PBXFileReference; lastKnownFileType = folder.assetcatalog; path = "Preview Assets.xcassets"; sourceTree = "<group>"; };
		094EE31126DCE212008C1637 /* SwiftFCSDKSampleTests.xctest */ = {isa = PBXFileReference; explicitFileType = wrapper.cfbundle; includeInIndex = 0; path = SwiftFCSDKSampleTests.xctest; sourceTree = BUILT_PRODUCTS_DIR; };
		094EE31526DCE212008C1637 /* SwiftFCSDKSampleTests.swift */ = {isa = PBXFileReference; lastKnownFileType = sourcecode.swift; path = SwiftFCSDKSampleTests.swift; sourceTree = "<group>"; };
		094EE31B26DCE212008C1637 /* SwiftFCSDKSampleUITests.xctest */ = {isa = PBXFileReference; explicitFileType = wrapper.cfbundle; includeInIndex = 0; path = SwiftFCSDKSampleUITests.xctest; sourceTree = BUILT_PRODUCTS_DIR; };
		094EE31F26DCE212008C1637 /* SwiftFCSDKSampleUITests.swift */ = {isa = PBXFileReference; lastKnownFileType = sourcecode.swift; path = SwiftFCSDKSampleUITests.swift; sourceTree = "<group>"; };
		094EE32D26DCE2A8008C1637 /* SwiftFCSDKSample.entitlements */ = {isa = PBXFileReference; lastKnownFileType = text.plist.entitlements; path = SwiftFCSDKSample.entitlements; sourceTree = "<group>"; };
		0987E8FE26FACE060036454C /* FCSDKCall.swift */ = {isa = PBXFileReference; lastKnownFileType = sourcecode.swift; path = FCSDKCall.swift; sourceTree = "<group>"; };
		099F54AE26E87873005500BF /* PlayerView.swift */ = {isa = PBXFileReference; lastKnownFileType = sourcecode.swift; path = PlayerView.swift; sourceTree = "<group>"; };
		099F54B026E878AD005500BF /* CommunicationViewControllerDelegate.swift */ = {isa = PBXFileReference; lastKnownFileType = sourcecode.swift; path = CommunicationViewControllerDelegate.swift; sourceTree = "<group>"; };
		099F54B226E88239005500BF /* CallKitManager.swift */ = {isa = PBXFileReference; lastKnownFileType = sourcecode.swift; path = CallKitManager.swift; sourceTree = "<group>"; };
		099F54B426E88AAB005500BF /* CallSheet.swift */ = {isa = PBXFileReference; lastKnownFileType = sourcecode.swift; path = CallSheet.swift; sourceTree = "<group>"; };
		09B4A0A026DDAD0700B73ADA /* Communication.swift */ = {isa = PBXFileReference; lastKnownFileType = sourcecode.swift; path = Communication.swift; sourceTree = "<group>"; };
		09B4A0A226DDAD1200B73ADA /* AED.swift */ = {isa = PBXFileReference; lastKnownFileType = sourcecode.swift; path = AED.swift; sourceTree = "<group>"; };
		09B4A0A426DDAD1E00B73ADA /* Session.swift */ = {isa = PBXFileReference; lastKnownFileType = sourcecode.swift; path = Session.swift; sourceTree = "<group>"; };
		09B4A0A626DDAD3400B73ADA /* Authentication.swift */ = {isa = PBXFileReference; lastKnownFileType = sourcecode.swift; path = Authentication.swift; sourceTree = "<group>"; };
		09B4A0A826DDDCAA00B73ADA /* NetworkManager.swift */ = {isa = PBXFileReference; lastKnownFileType = sourcecode.swift; path = NetworkManager.swift; sourceTree = "<group>"; };
		09B4A0AA26DDE2FA00B73ADA /* AuthenticationService.swift */ = {isa = PBXFileReference; lastKnownFileType = sourcecode.swift; path = AuthenticationService.swift; sourceTree = "<group>"; };
		09CFF9732714EEA700052188 /* FCSDKCallService.swift */ = {isa = PBXFileReference; lastKnownFileType = sourcecode.swift; path = FCSDKCallService.swift; sourceTree = "<group>"; };
		09D86CF4270B06C000C62FA0 /* ProviderDelegate+Calls.swift */ = {isa = PBXFileReference; lastKnownFileType = sourcecode.swift; path = "ProviderDelegate+Calls.swift"; sourceTree = "<group>"; };
		09D86CF6270B076800C62FA0 /* FCSDKCallService+ACBClientCallDelegate.swift */ = {isa = PBXFileReference; lastKnownFileType = sourcecode.swift; path = "FCSDKCallService+ACBClientCallDelegate.swift"; sourceTree = "<group>"; };
		09D86CF8270B07D900C62FA0 /* FCSDKCallService+ACBClientPhoneDelegate.swift */ = {isa = PBXFileReference; lastKnownFileType = sourcecode.swift; path = "FCSDKCallService+ACBClientPhoneDelegate.swift"; sourceTree = "<group>"; };
		09D86CFC270B089200C62FA0 /* CommunicationViewController+Delegate.swift */ = {isa = PBXFileReference; lastKnownFileType = sourcecode.swift; path = "CommunicationViewController+Delegate.swift"; sourceTree = "<group>"; };
		09D86CFE270B08B800C62FA0 /* CommunicationViewController+PiPDelegate.swift */ = {isa = PBXFileReference; lastKnownFileType = sourcecode.swift; path = "CommunicationViewController+PiPDelegate.swift"; sourceTree = "<group>"; };
		09E0DF4627335F8500377C75 /* DialPad.swift */ = {isa = PBXFileReference; lastKnownFileType = sourcecode.swift; path = DialPad.swift; sourceTree = "<group>"; };
		09E0DF4827337A5500377C75 /* DTMFSheet.swift */ = {isa = PBXFileReference; lastKnownFileType = sourcecode.swift; path = DTMFSheet.swift; sourceTree = "<group>"; };
		09E0DFFC274399E300505F86 /* swift-fcsdk */ = {isa = PBXFileReference; lastKnownFileType = folder; name = "swift-fcsdk"; path = "../Packages/swift-fcsdk"; sourceTree = "<group>"; };
		09E3CE8E26DE1D4500249DD8 /* Info.plist */ = {isa = PBXFileReference; lastKnownFileType = text.plist; path = Info.plist; sourceTree = "<group>"; };
		09E3CE8F26DE1F3300249DD8 /* NetworkRepository.swift */ = {isa = PBXFileReference; lastKnownFileType = sourcecode.swift; path = NetworkRepository.swift; sourceTree = "<group>"; };
		09E3CE9126DE1F4E00249DD8 /* Keychain.swift */ = {isa = PBXFileReference; lastKnownFileType = sourcecode.swift; path = Keychain.swift; sourceTree = "<group>"; };
		09E3CE9326DE1F8000249DD8 /* LoginViewModel.swift */ = {isa = PBXFileReference; lastKnownFileType = sourcecode.swift; path = LoginViewModel.swift; sourceTree = "<group>"; };
		09E3CE9526DE1F8A00249DD8 /* Login.swift */ = {isa = PBXFileReference; lastKnownFileType = sourcecode.swift; path = Login.swift; sourceTree = "<group>"; };
		09E3CE9C26DE52AC00249DD8 /* LoginResponse.swift */ = {isa = PBXFileReference; lastKnownFileType = sourcecode.swift; path = LoginResponse.swift; sourceTree = "<group>"; };
		09E3CE9E26DE52BF00249DD8 /* LoginRequest.swift */ = {isa = PBXFileReference; lastKnownFileType = sourcecode.swift; path = LoginRequest.swift; sourceTree = "<group>"; };
		09E3CEA026DEF2C200249DD8 /* NetworkMonitor.swift */ = {isa = PBXFileReference; lastKnownFileType = sourcecode.swift; path = NetworkMonitor.swift; sourceTree = "<group>"; };
		09EDF6AE26DF3F4100B34664 /* Communication+ViewControllerRepresenable.swift */ = {isa = PBXFileReference; lastKnownFileType = sourcecode.swift; path = "Communication+ViewControllerRepresenable.swift"; sourceTree = "<group>"; };
		09EDF6B126DF404700B34664 /* CommunicationViewConroller.swift */ = {isa = PBXFileReference; lastKnownFileType = sourcecode.swift; path = CommunicationViewConroller.swift; sourceTree = "<group>"; };
		09EDF6B826DF83F400B34664 /* AutoResizingTextView.swift */ = {isa = PBXFileReference; lastKnownFileType = sourcecode.swift; path = AutoResizingTextView.swift; sourceTree = "<group>"; };
		09EDF6BA26DF88A900B34664 /* View+Extension.swift */ = {isa = PBXFileReference; lastKnownFileType = sourcecode.swift; path = "View+Extension.swift"; sourceTree = "<group>"; };
		09EDF6BC26DF8D6300B34664 /* TopicCell.swift */ = {isa = PBXFileReference; lastKnownFileType = sourcecode.swift; path = TopicCell.swift; sourceTree = "<group>"; };
		09F318D226F019600069ED8D /* AppSettings.swift */ = {isa = PBXFileReference; lastKnownFileType = sourcecode.swift; path = AppSettings.swift; sourceTree = "<group>"; };
/* End PBXFileReference section */

/* Begin PBXFrameworksBuildPhase section */
		094EE2FE26DCE211008C1637 /* Frameworks */ = {
			isa = PBXFrameworksBuildPhase;
			buildActionMask = 2147483647;
			files = (
				09E0DFFE27439AB900505F86 /* FCSDKiOS in Frameworks */,
			);
			runOnlyForDeploymentPostprocessing = 0;
		};
		094EE30E26DCE212008C1637 /* Frameworks */ = {
			isa = PBXFrameworksBuildPhase;
			buildActionMask = 2147483647;
			files = (
				091F6B4327426CD5001F6F11 /* FCSDKiOS in Frameworks */,
			);
			runOnlyForDeploymentPostprocessing = 0;
		};
		094EE31826DCE212008C1637 /* Frameworks */ = {
			isa = PBXFrameworksBuildPhase;
			buildActionMask = 2147483647;
			files = (
			);
			runOnlyForDeploymentPostprocessing = 0;
		};
/* End PBXFrameworksBuildPhase section */

/* Begin PBXGroup section */
		0908679826E70C8300A83602 /* CallController */ = {
			isa = PBXGroup;
			children = (
				090F31632710575900F1D247 /* StartCallHandling */,
				09D86CFA270B080600C62FA0 /* CallKit */,
			);
			path = CallController;
			sourceTree = "<group>";
		};
		0908679F26E75AD900A83602 /* PiP */ = {
			isa = PBXGroup;
			children = (
				099F54AE26E87873005500BF /* PlayerView.swift */,
				099F54B026E878AD005500BF /* CommunicationViewControllerDelegate.swift */,
			);
			path = PiP;
			sourceTree = "<group>";
		};
		090F31632710575900F1D247 /* StartCallHandling */ = {
			isa = PBXGroup;
			children = (
				090F31642710577B00F1D247 /* NSUserActivity+Extension.swift */,
				090F31662710579500F1D247 /* StartCallConvertible.swift */,
				090F3168271057B700F1D247 /* URL+Extension.swift */,
			);
			path = StartCallHandling;
			sourceTree = "<group>";
		};
		094C313C26E0370C007C6A35 /* Communication */ = {
			isa = PBXGroup;
			children = (
				09B4A0A026DDAD0700B73ADA /* Communication.swift */,
				094C313A26E03658007C6A35 /* Contacts.swift */,
				094C313D26E03729007C6A35 /* ContactsCell.swift */,
				094C314126E078A8007C6A35 /* SettingsSheet.swift */,
				099F54B426E88AAB005500BF /* CallSheet.swift */,
				09E0DF4627335F8500377C75 /* DialPad.swift */,
				09E0DF4827337A5500377C75 /* DTMFSheet.swift */,
			);
			path = Communication;
			sourceTree = "<group>";
		};
		094EE2F826DCE211008C1637 = {
			isa = PBXGroup;
			children = (
				09E0DFFC274399E300505F86 /* swift-fcsdk */,
				094344B526F4B0ED001254FA /* README.md */,
				0908679D26E75AAE00A83602 /* ringring.wav */,
				094EE33926DCE5AA008C1637 /* SwiftFCSDKSample */,
				094EE30226DCE211008C1637 /* Products */,
				09E3CE9826DE278800249DD8 /* Frameworks */,
			);
			sourceTree = "<group>";
		};
		094EE30226DCE211008C1637 /* Products */ = {
			isa = PBXGroup;
			children = (
				094EE30126DCE211008C1637 /* SwiftFCSDKSample.app */,
				094EE31126DCE212008C1637 /* SwiftFCSDKSampleTests.xctest */,
				094EE31B26DCE212008C1637 /* SwiftFCSDKSampleUITests.xctest */,
			);
			name = Products;
			sourceTree = "<group>";
		};
		094EE30326DCE211008C1637 /* Shared */ = {
			isa = PBXGroup;
			children = (
				0908679F26E75AD900A83602 /* PiP */,
				0908679826E70C8300A83602 /* CallController */,
				09EDF6B026DF403800B34664 /* UIKit */,
				09EDF6AD26DF3F1300B34664 /* UIViewControllerRespresentable */,
				09EDF6B726DF83D200B34664 /* UIViewRepresentable */,
				094EE32C26DCE281008C1637 /* View */,
				094EE33126DCE3A3008C1637 /* Model */,
				094EE33226DCE3AC008C1637 /* ViewModel */,
				094EE33626DCE3C7008C1637 /* Extensions */,
				094EE33526DCE3C1008C1637 /* Utilities */,
				094EE33426DCE3BB008C1637 /* Response */,
				094EE33326DCE3B6008C1637 /* Request */,
				094EE33026DCE39D008C1637 /* Services */,
			);
			path = Shared;
			sourceTree = "<group>";
		};
		094EE30A26DCE212008C1637 /* Preview Content */ = {
			isa = PBXGroup;
			children = (
				094EE30B26DCE212008C1637 /* Preview Assets.xcassets */,
			);
			path = "Preview Content";
			sourceTree = "<group>";
		};
		094EE31426DCE212008C1637 /* SwiftFCSDKSampleTests */ = {
			isa = PBXGroup;
			children = (
				094EE31526DCE212008C1637 /* SwiftFCSDKSampleTests.swift */,
			);
			path = SwiftFCSDKSampleTests;
			sourceTree = "<group>";
		};
		094EE31E26DCE212008C1637 /* SwiftFCSDKSampleUITests */ = {
			isa = PBXGroup;
			children = (
				094EE31F26DCE212008C1637 /* SwiftFCSDKSampleUITests.swift */,
			);
			path = SwiftFCSDKSampleUITests;
			sourceTree = "<group>";
		};
		094EE32C26DCE281008C1637 /* View */ = {
			isa = PBXGroup;
			children = (
				094C313C26E0370C007C6A35 /* Communication */,
				09EDF6BE26DF93A000B34664 /* AED */,
				09B4A0A426DDAD1E00B73ADA /* Session.swift */,
				09B4A0A626DDAD3400B73ADA /* Authentication.swift */,
				094C313F26E0497F007C6A35 /* Welcome.swift */,
			);
			path = View;
			sourceTree = "<group>";
		};
		094EE32E26DCE2FC008C1637 /* iOS */ = {
			isa = PBXGroup;
			children = (
				094EE33726DCE3F8008C1637 /* View */,
			);
			path = iOS;
			sourceTree = "<group>";
		};
		094EE32F26DCE301008C1637 /* macOS */ = {
			isa = PBXGroup;
			children = (
				094EE33826DCE4A3008C1637 /* View */,
			);
			path = macOS;
			sourceTree = "<group>";
		};
		094EE33026DCE39D008C1637 /* Services */ = {
			isa = PBXGroup;
			children = (
				09B4A0AA26DDE2FA00B73ADA /* AuthenticationService.swift */,
				09CFF9732714EEA700052188 /* FCSDKCallService.swift */,
				09D86CF6270B076800C62FA0 /* FCSDKCallService+ACBClientCallDelegate.swift */,
				09D86CF8270B07D900C62FA0 /* FCSDKCallService+ACBClientPhoneDelegate.swift */,
			);
			path = Services;
			sourceTree = "<group>";
		};
		094EE33126DCE3A3008C1637 /* Model */ = {
			isa = PBXGroup;
			children = (
				0987E8FE26FACE060036454C /* FCSDKCall.swift */,
				09E3CE9526DE1F8A00249DD8 /* Login.swift */,
			);
			path = Model;
			sourceTree = "<group>";
		};
		094EE33226DCE3AC008C1637 /* ViewModel */ = {
			isa = PBXGroup;
			children = (
				09E3CE9326DE1F8000249DD8 /* LoginViewModel.swift */,
				09091596271D36AE00A2563A /* FCSDKCallViewModel.swift */,
			);
			path = ViewModel;
			sourceTree = "<group>";
		};
		094EE33326DCE3B6008C1637 /* Request */ = {
			isa = PBXGroup;
			children = (
				09E3CE9E26DE52BF00249DD8 /* LoginRequest.swift */,
			);
			path = Request;
			sourceTree = "<group>";
		};
		094EE33426DCE3BB008C1637 /* Response */ = {
			isa = PBXGroup;
			children = (
				09E3CE9C26DE52AC00249DD8 /* LoginResponse.swift */,
			);
			path = Response;
			sourceTree = "<group>";
		};
		094EE33526DCE3C1008C1637 /* Utilities */ = {
			isa = PBXGroup;
			children = (
				09E3CE8F26DE1F3300249DD8 /* NetworkRepository.swift */,
				09E3CE9126DE1F4E00249DD8 /* Keychain.swift */,
				09E3CEA026DEF2C200249DD8 /* NetworkMonitor.swift */,
				09F318D226F019600069ED8D /* AppSettings.swift */,
			);
			path = Utilities;
			sourceTree = "<group>";
		};
		094EE33626DCE3C7008C1637 /* Extensions */ = {
			isa = PBXGroup;
			children = (
				09B4A0A826DDDCAA00B73ADA /* NetworkManager.swift */,
				09EDF6BA26DF88A900B34664 /* View+Extension.swift */,
			);
			path = Extensions;
			sourceTree = "<group>";
		};
		094EE33726DCE3F8008C1637 /* View */ = {
			isa = PBXGroup;
			children = (
				094EE30626DCE211008C1637 /* ContentView.swift */,
			);
			path = View;
			sourceTree = "<group>";
		};
		094EE33826DCE4A3008C1637 /* View */ = {
			isa = PBXGroup;
			children = (
			);
			path = View;
			sourceTree = "<group>";
		};
		094EE33926DCE5AA008C1637 /* SwiftFCSDKSample */ = {
			isa = PBXGroup;
			children = (
				09E3CE8E26DE1D4500249DD8 /* Info.plist */,
				094EE32D26DCE2A8008C1637 /* SwiftFCSDKSample.entitlements */,
				094EE30426DCE211008C1637 /* SwiftFCSDKSampleApp.swift */,
				0908679B26E7590A00A83602 /* AppDelegate.swift */,
				094EE30826DCE212008C1637 /* Assets.xcassets */,
				094EE30A26DCE212008C1637 /* Preview Content */,
				094EE30326DCE211008C1637 /* Shared */,
				094EE32E26DCE2FC008C1637 /* iOS */,
				094EE32F26DCE301008C1637 /* macOS */,
				094EE31426DCE212008C1637 /* SwiftFCSDKSampleTests */,
				094EE31E26DCE212008C1637 /* SwiftFCSDKSampleUITests */,
			);
			path = SwiftFCSDKSample;
			sourceTree = "<group>";
		};
		09D86CFA270B080600C62FA0 /* CallKit */ = {
			isa = PBXGroup;
			children = (
				099F54B226E88239005500BF /* CallKitManager.swift */,
				0908679926E70CA400A83602 /* ProviderDelegate.swift */,
				09D86CF4270B06C000C62FA0 /* ProviderDelegate+Calls.swift */,
			);
			path = CallKit;
			sourceTree = "<group>";
		};
		09E3CE9826DE278800249DD8 /* Frameworks */ = {
			isa = PBXGroup;
			children = (
			);
			name = Frameworks;
			sourceTree = "<group>";
		};
		09EDF6AD26DF3F1300B34664 /* UIViewControllerRespresentable */ = {
			isa = PBXGroup;
			children = (
				09EDF6AE26DF3F4100B34664 /* Communication+ViewControllerRepresenable.swift */,
			);
			path = UIViewControllerRespresentable;
			sourceTree = "<group>";
		};
		09EDF6B026DF403800B34664 /* UIKit */ = {
			isa = PBXGroup;
			children = (
				09EDF6B126DF404700B34664 /* CommunicationViewConroller.swift */,
				09D86CFC270B089200C62FA0 /* CommunicationViewController+Delegate.swift */,
				09D86CFE270B08B800C62FA0 /* CommunicationViewController+PiPDelegate.swift */,
			);
			path = UIKit;
			sourceTree = "<group>";
		};
		09EDF6B726DF83D200B34664 /* UIViewRepresentable */ = {
			isa = PBXGroup;
			children = (
				09EDF6B826DF83F400B34664 /* AutoResizingTextView.swift */,
			);
			path = UIViewRepresentable;
			sourceTree = "<group>";
		};
		09EDF6BE26DF93A000B34664 /* AED */ = {
			isa = PBXGroup;
			children = (
				09EDF6BC26DF8D6300B34664 /* TopicCell.swift */,
				09B4A0A226DDAD1200B73ADA /* AED.swift */,
			);
			path = AED;
			sourceTree = "<group>";
		};
/* End PBXGroup section */

/* Begin PBXNativeTarget section */
		094EE30026DCE211008C1637 /* SwiftFCSDKSample */ = {
			isa = PBXNativeTarget;
			buildConfigurationList = 094EE32326DCE212008C1637 /* Build configuration list for PBXNativeTarget "SwiftFCSDKSample" */;
			buildPhases = (
				094EE2FD26DCE211008C1637 /* Sources */,
				094EE2FE26DCE211008C1637 /* Frameworks */,
				094EE2FF26DCE211008C1637 /* Resources */,
				095C4B3C272158D200A0BCEB /* Embed Frameworks */,
			);
			buildRules = (
			);
			dependencies = (
			);
			name = SwiftFCSDKSample;
			packageProductDependencies = (
				09E0DFFD27439AB900505F86 /* FCSDKiOS */,
			);
			productName = SwiftFCSDKSample;
			productReference = 094EE30126DCE211008C1637 /* SwiftFCSDKSample.app */;
			productType = "com.apple.product-type.application";
		};
		094EE31026DCE212008C1637 /* SwiftFCSDKSampleTests */ = {
			isa = PBXNativeTarget;
			buildConfigurationList = 094EE32626DCE212008C1637 /* Build configuration list for PBXNativeTarget "SwiftFCSDKSampleTests" */;
			buildPhases = (
				094EE30D26DCE212008C1637 /* Sources */,
				094EE30E26DCE212008C1637 /* Frameworks */,
				094EE30F26DCE212008C1637 /* Resources */,
			);
			buildRules = (
			);
			dependencies = (
				094EE31326DCE212008C1637 /* PBXTargetDependency */,
			);
			name = SwiftFCSDKSampleTests;
			packageProductDependencies = (
				091F6B4227426CD5001F6F11 /* FCSDKiOS */,
			);
			productName = SwiftFCSDKSampleTests;
			productReference = 094EE31126DCE212008C1637 /* SwiftFCSDKSampleTests.xctest */;
			productType = "com.apple.product-type.bundle.unit-test";
		};
		094EE31A26DCE212008C1637 /* SwiftFCSDKSampleUITests */ = {
			isa = PBXNativeTarget;
			buildConfigurationList = 094EE32926DCE212008C1637 /* Build configuration list for PBXNativeTarget "SwiftFCSDKSampleUITests" */;
			buildPhases = (
				094EE31726DCE212008C1637 /* Sources */,
				094EE31826DCE212008C1637 /* Frameworks */,
				094EE31926DCE212008C1637 /* Resources */,
			);
			buildRules = (
			);
			dependencies = (
				094EE31D26DCE212008C1637 /* PBXTargetDependency */,
			);
			name = SwiftFCSDKSampleUITests;
			productName = SwiftFCSDKSampleUITests;
			productReference = 094EE31B26DCE212008C1637 /* SwiftFCSDKSampleUITests.xctest */;
			productType = "com.apple.product-type.bundle.ui-testing";
		};
/* End PBXNativeTarget section */

/* Begin PBXProject section */
		094EE2F926DCE211008C1637 /* Project object */ = {
			isa = PBXProject;
			attributes = {
				BuildIndependentTargetsInParallel = 1;
				LastSwiftUpdateCheck = 1300;
				LastUpgradeCheck = 1300;
				TargetAttributes = {
					094EE30026DCE211008C1637 = {
						CreatedOnToolsVersion = 13.0;
					};
					094EE31026DCE212008C1637 = {
						CreatedOnToolsVersion = 13.0;
						TestTargetID = 094EE30026DCE211008C1637;
					};
					094EE31A26DCE212008C1637 = {
						CreatedOnToolsVersion = 13.0;
						TestTargetID = 094EE30026DCE211008C1637;
					};
				};
			};
			buildConfigurationList = 094EE2FC26DCE211008C1637 /* Build configuration list for PBXProject "SwiftFCSDKSample" */;
			compatibilityVersion = "Xcode 13.0";
			developmentRegion = en;
			hasScannedForEncodings = 0;
			knownRegions = (
				en,
				Base,
			);
			mainGroup = 094EE2F826DCE211008C1637;
			packageReferences = (
			);
			productRefGroup = 094EE30226DCE211008C1637 /* Products */;
			projectDirPath = "";
			projectRoot = "";
			targets = (
				094EE30026DCE211008C1637 /* SwiftFCSDKSample */,
				094EE31026DCE212008C1637 /* SwiftFCSDKSampleTests */,
				094EE31A26DCE212008C1637 /* SwiftFCSDKSampleUITests */,
			);
		};
/* End PBXProject section */

/* Begin PBXResourcesBuildPhase section */
		094EE2FF26DCE211008C1637 /* Resources */ = {
			isa = PBXResourcesBuildPhase;
			buildActionMask = 2147483647;
			files = (
				094EE30C26DCE212008C1637 /* Preview Assets.xcassets in Resources */,
				094EE30926DCE212008C1637 /* Assets.xcassets in Resources */,
				0908679E26E75AAE00A83602 /* ringring.wav in Resources */,
			);
			runOnlyForDeploymentPostprocessing = 0;
		};
		094EE30F26DCE212008C1637 /* Resources */ = {
			isa = PBXResourcesBuildPhase;
			buildActionMask = 2147483647;
			files = (
			);
			runOnlyForDeploymentPostprocessing = 0;
		};
		094EE31926DCE212008C1637 /* Resources */ = {
			isa = PBXResourcesBuildPhase;
			buildActionMask = 2147483647;
			files = (
			);
			runOnlyForDeploymentPostprocessing = 0;
		};
/* End PBXResourcesBuildPhase section */

/* Begin PBXSourcesBuildPhase section */
		094EE2FD26DCE211008C1637 /* Sources */ = {
			isa = PBXSourcesBuildPhase;
			buildActionMask = 2147483647;
			files = (
				09E3CE9026DE1F3300249DD8 /* NetworkRepository.swift in Sources */,
				09EDF6BD26DF8D6300B34664 /* TopicCell.swift in Sources */,
				094C314226E078A8007C6A35 /* SettingsSheet.swift in Sources */,
				09EDF6AF26DF3F4100B34664 /* Communication+ViewControllerRepresenable.swift in Sources */,
				099F54B126E878AD005500BF /* CommunicationViewControllerDelegate.swift in Sources */,
				094C313B26E03658007C6A35 /* Contacts.swift in Sources */,
				09E0DF4927337A5500377C75 /* DTMFSheet.swift in Sources */,
				09B4A0A526DDAD1E00B73ADA /* Session.swift in Sources */,
				09E3CE9426DE1F8000249DD8 /* LoginViewModel.swift in Sources */,
				09E3CE9626DE1F8A00249DD8 /* Login.swift in Sources */,
				094EE30726DCE211008C1637 /* ContentView.swift in Sources */,
				09D86CFF270B08B800C62FA0 /* CommunicationViewController+PiPDelegate.swift in Sources */,
				099F54AF26E87873005500BF /* PlayerView.swift in Sources */,
				090F31672710579500F1D247 /* StartCallConvertible.swift in Sources */,
				099F54B326E88239005500BF /* CallKitManager.swift in Sources */,
				09E3CE9F26DE52BF00249DD8 /* LoginRequest.swift in Sources */,
				09CFF9742714EEA700052188 /* FCSDKCallService.swift in Sources */,
				09D86CF7270B076800C62FA0 /* FCSDKCallService+ACBClientCallDelegate.swift in Sources */,
				090F31652710577B00F1D247 /* NSUserActivity+Extension.swift in Sources */,
				094EE30526DCE211008C1637 /* SwiftFCSDKSampleApp.swift in Sources */,
				09E3CEA126DEF2C200249DD8 /* NetworkMonitor.swift in Sources */,
				09EDF6B926DF83F400B34664 /* AutoResizingTextView.swift in Sources */,
				09EDF6B226DF404700B34664 /* CommunicationViewConroller.swift in Sources */,
				09E3CE9D26DE52AC00249DD8 /* LoginResponse.swift in Sources */,
				09B4A0AB26DDE2FA00B73ADA /* AuthenticationService.swift in Sources */,
				0987E8FF26FACE060036454C /* FCSDKCall.swift in Sources */,
				090F3169271057B700F1D247 /* URL+Extension.swift in Sources */,
				09D86CF5270B06C000C62FA0 /* ProviderDelegate+Calls.swift in Sources */,
				09B4A0A926DDDCAA00B73ADA /* NetworkManager.swift in Sources */,
				0908679A26E70CA400A83602 /* ProviderDelegate.swift in Sources */,
				09B4A0A326DDAD1200B73ADA /* AED.swift in Sources */,
				09B4A0A126DDAD0700B73ADA /* Communication.swift in Sources */,
				09D86CFD270B089200C62FA0 /* CommunicationViewController+Delegate.swift in Sources */,
				094C313E26E03729007C6A35 /* ContactsCell.swift in Sources */,
				0908679C26E7590A00A83602 /* AppDelegate.swift in Sources */,
				09091597271D36AE00A2563A /* FCSDKCallViewModel.swift in Sources */,
				094C314026E0497F007C6A35 /* Welcome.swift in Sources */,
				09B4A0A726DDAD3400B73ADA /* Authentication.swift in Sources */,
				09E0DF4727335F8500377C75 /* DialPad.swift in Sources */,
				09F318D326F019600069ED8D /* AppSettings.swift in Sources */,
				09EDF6BB26DF88A900B34664 /* View+Extension.swift in Sources */,
				09E3CE9226DE1F4E00249DD8 /* Keychain.swift in Sources */,
				09D86CF9270B07D900C62FA0 /* FCSDKCallService+ACBClientPhoneDelegate.swift in Sources */,
				099F54B526E88AAB005500BF /* CallSheet.swift in Sources */,
			);
			runOnlyForDeploymentPostprocessing = 0;
		};
		094EE30D26DCE212008C1637 /* Sources */ = {
			isa = PBXSourcesBuildPhase;
			buildActionMask = 2147483647;
			files = (
				094EE31626DCE212008C1637 /* SwiftFCSDKSampleTests.swift in Sources */,
			);
			runOnlyForDeploymentPostprocessing = 0;
		};
		094EE31726DCE212008C1637 /* Sources */ = {
			isa = PBXSourcesBuildPhase;
			buildActionMask = 2147483647;
			files = (
				094EE32026DCE212008C1637 /* SwiftFCSDKSampleUITests.swift in Sources */,
			);
			runOnlyForDeploymentPostprocessing = 0;
		};
/* End PBXSourcesBuildPhase section */

/* Begin PBXTargetDependency section */
		094EE31326DCE212008C1637 /* PBXTargetDependency */ = {
			isa = PBXTargetDependency;
			target = 094EE30026DCE211008C1637 /* SwiftFCSDKSample */;
			targetProxy = 094EE31226DCE212008C1637 /* PBXContainerItemProxy */;
		};
		094EE31D26DCE212008C1637 /* PBXTargetDependency */ = {
			isa = PBXTargetDependency;
			target = 094EE30026DCE211008C1637 /* SwiftFCSDKSample */;
			targetProxy = 094EE31C26DCE212008C1637 /* PBXContainerItemProxy */;
		};
/* End PBXTargetDependency section */

/* Begin XCBuildConfiguration section */
		094EE32126DCE212008C1637 /* Debug */ = {
			isa = XCBuildConfiguration;
			buildSettings = {
				ALWAYS_SEARCH_USER_PATHS = NO;
				CLANG_ANALYZER_NONNULL = YES;
				CLANG_ANALYZER_NUMBER_OBJECT_CONVERSION = YES_AGGRESSIVE;
				CLANG_CXX_LANGUAGE_STANDARD = "gnu++14";
				CLANG_CXX_LIBRARY = "libc++";
				CLANG_ENABLE_MODULES = YES;
				CLANG_ENABLE_OBJC_ARC = YES;
				CLANG_ENABLE_OBJC_WEAK = YES;
				CLANG_WARN_BLOCK_CAPTURE_AUTORELEASING = YES;
				CLANG_WARN_BOOL_CONVERSION = YES;
				CLANG_WARN_COMMA = YES;
				CLANG_WARN_CONSTANT_CONVERSION = YES;
				CLANG_WARN_DEPRECATED_OBJC_IMPLEMENTATIONS = YES;
				CLANG_WARN_DIRECT_OBJC_ISA_USAGE = YES_ERROR;
				CLANG_WARN_DOCUMENTATION_COMMENTS = YES;
				CLANG_WARN_EMPTY_BODY = YES;
				CLANG_WARN_ENUM_CONVERSION = YES;
				CLANG_WARN_INFINITE_RECURSION = YES;
				CLANG_WARN_INT_CONVERSION = YES;
				CLANG_WARN_NON_LITERAL_NULL_CONVERSION = YES;
				CLANG_WARN_OBJC_IMPLICIT_RETAIN_SELF = YES;
				CLANG_WARN_OBJC_LITERAL_CONVERSION = YES;
				CLANG_WARN_OBJC_ROOT_CLASS = YES_ERROR;
				CLANG_WARN_QUOTED_INCLUDE_IN_FRAMEWORK_HEADER = YES;
				CLANG_WARN_RANGE_LOOP_ANALYSIS = YES;
				CLANG_WARN_STRICT_PROTOTYPES = YES;
				CLANG_WARN_SUSPICIOUS_MOVE = YES;
				CLANG_WARN_UNGUARDED_AVAILABILITY = YES_AGGRESSIVE;
				CLANG_WARN_UNREACHABLE_CODE = YES;
				CLANG_WARN__DUPLICATE_METHOD_MATCH = YES;
				COPY_PHASE_STRIP = NO;
				DEBUG_INFORMATION_FORMAT = dwarf;
				ENABLE_STRICT_OBJC_MSGSEND = YES;
				ENABLE_TESTABILITY = YES;
				GCC_C_LANGUAGE_STANDARD = gnu11;
				GCC_DYNAMIC_NO_PIC = NO;
				GCC_NO_COMMON_BLOCKS = YES;
				GCC_OPTIMIZATION_LEVEL = 0;
				GCC_PREPROCESSOR_DEFINITIONS = (
					"DEBUG=1",
					"$(inherited)",
				);
				GCC_WARN_64_TO_32_BIT_CONVERSION = YES;
				GCC_WARN_ABOUT_RETURN_TYPE = YES_ERROR;
				GCC_WARN_UNDECLARED_SELECTOR = YES;
				GCC_WARN_UNINITIALIZED_AUTOS = YES_AGGRESSIVE;
				GCC_WARN_UNUSED_FUNCTION = YES;
				GCC_WARN_UNUSED_VARIABLE = YES;
				IPHONEOS_DEPLOYMENT_TARGET = 15.0;
				MTL_ENABLE_DEBUG_INFO = INCLUDE_SOURCE;
				MTL_FAST_MATH = YES;
				ONLY_ACTIVE_ARCH = YES;
				SDKROOT = iphoneos;
				SWIFT_ACTIVE_COMPILATION_CONDITIONS = DEBUG;
				SWIFT_OPTIMIZATION_LEVEL = "-Onone";
			};
			name = Debug;
		};
		094EE32226DCE212008C1637 /* Release */ = {
			isa = XCBuildConfiguration;
			buildSettings = {
				ALWAYS_SEARCH_USER_PATHS = NO;
				CLANG_ANALYZER_NONNULL = YES;
				CLANG_ANALYZER_NUMBER_OBJECT_CONVERSION = YES_AGGRESSIVE;
				CLANG_CXX_LANGUAGE_STANDARD = "gnu++14";
				CLANG_CXX_LIBRARY = "libc++";
				CLANG_ENABLE_MODULES = YES;
				CLANG_ENABLE_OBJC_ARC = YES;
				CLANG_ENABLE_OBJC_WEAK = YES;
				CLANG_WARN_BLOCK_CAPTURE_AUTORELEASING = YES;
				CLANG_WARN_BOOL_CONVERSION = YES;
				CLANG_WARN_COMMA = YES;
				CLANG_WARN_CONSTANT_CONVERSION = YES;
				CLANG_WARN_DEPRECATED_OBJC_IMPLEMENTATIONS = YES;
				CLANG_WARN_DIRECT_OBJC_ISA_USAGE = YES_ERROR;
				CLANG_WARN_DOCUMENTATION_COMMENTS = YES;
				CLANG_WARN_EMPTY_BODY = YES;
				CLANG_WARN_ENUM_CONVERSION = YES;
				CLANG_WARN_INFINITE_RECURSION = YES;
				CLANG_WARN_INT_CONVERSION = YES;
				CLANG_WARN_NON_LITERAL_NULL_CONVERSION = YES;
				CLANG_WARN_OBJC_IMPLICIT_RETAIN_SELF = YES;
				CLANG_WARN_OBJC_LITERAL_CONVERSION = YES;
				CLANG_WARN_OBJC_ROOT_CLASS = YES_ERROR;
				CLANG_WARN_QUOTED_INCLUDE_IN_FRAMEWORK_HEADER = YES;
				CLANG_WARN_RANGE_LOOP_ANALYSIS = YES;
				CLANG_WARN_STRICT_PROTOTYPES = YES;
				CLANG_WARN_SUSPICIOUS_MOVE = YES;
				CLANG_WARN_UNGUARDED_AVAILABILITY = YES_AGGRESSIVE;
				CLANG_WARN_UNREACHABLE_CODE = YES;
				CLANG_WARN__DUPLICATE_METHOD_MATCH = YES;
				COPY_PHASE_STRIP = NO;
				DEBUG_INFORMATION_FORMAT = "dwarf-with-dsym";
				ENABLE_NS_ASSERTIONS = NO;
				ENABLE_STRICT_OBJC_MSGSEND = YES;
				GCC_C_LANGUAGE_STANDARD = gnu11;
				GCC_NO_COMMON_BLOCKS = YES;
				GCC_WARN_64_TO_32_BIT_CONVERSION = YES;
				GCC_WARN_ABOUT_RETURN_TYPE = YES_ERROR;
				GCC_WARN_UNDECLARED_SELECTOR = YES;
				GCC_WARN_UNINITIALIZED_AUTOS = YES_AGGRESSIVE;
				GCC_WARN_UNUSED_FUNCTION = YES;
				GCC_WARN_UNUSED_VARIABLE = YES;
				IPHONEOS_DEPLOYMENT_TARGET = 15.0;
				MTL_ENABLE_DEBUG_INFO = NO;
				MTL_FAST_MATH = YES;
				SDKROOT = iphoneos;
				SWIFT_COMPILATION_MODE = wholemodule;
				SWIFT_OPTIMIZATION_LEVEL = "-O";
				VALIDATE_PRODUCT = YES;
			};
			name = Release;
		};
		094EE32426DCE212008C1637 /* Debug */ = {
			isa = XCBuildConfiguration;
			buildSettings = {
				ASSETCATALOG_COMPILER_APPICON_NAME = AppIcon;
				ASSETCATALOG_COMPILER_GLOBAL_ACCENT_COLOR_NAME = AccentColor;
				CODE_SIGN_ENTITLEMENTS = SwiftFCSDKSample/SwiftFCSDKSample.entitlements;
				CODE_SIGN_IDENTITY = "Apple Development";
				"CODE_SIGN_IDENTITY[sdk=macosx*]" = "Apple Development";
				CODE_SIGN_STYLE = Automatic;
				CURRENT_PROJECT_VERSION = 1.5;
				DEVELOPMENT_ASSET_PATHS = "\"SwiftFCSDKSample/Preview Content\"";
				DEVELOPMENT_TEAM = "";
				ENABLE_PREVIEWS = YES;
				GENERATE_INFOPLIST_FILE = YES;
				INFOPLIST_FILE = SwiftFCSDKSample/Info.plist;
				INFOPLIST_KEY_CFBundleExecutable = SwiftFCSDKSample;
				INFOPLIST_KEY_CFBundleName = SwiftFCSDKSample;
				INFOPLIST_KEY_CFBundleVersion = 1;
				INFOPLIST_KEY_NSCameraUsageDescription = "Video Confernecing";
				INFOPLIST_KEY_NSMicrophoneUsageDescription = "VoIP Calls";
				INFOPLIST_KEY_UIApplicationSceneManifest_Generation = YES;
				INFOPLIST_KEY_UIApplicationSupportsIndirectInputEvents = YES;
				INFOPLIST_KEY_UILaunchScreen_Generation = YES;
				INFOPLIST_KEY_UISupportedInterfaceOrientations = UIInterfaceOrientationLandscapeLeft;
				INFOPLIST_KEY_UISupportedInterfaceOrientations_iPad = "UIInterfaceOrientationPortrait UIInterfaceOrientationPortraitUpsideDown UIInterfaceOrientationLandscapeLeft UIInterfaceOrientationLandscapeRight";
				INFOPLIST_KEY_UISupportedInterfaceOrientations_iPhone = "UIInterfaceOrientationPortrait UIInterfaceOrientationLandscapeLeft UIInterfaceOrientationLandscapeRight";
				IPHONEOS_DEPLOYMENT_TARGET = 15.0;
				LD_RUNPATH_SEARCH_PATHS = (
					"$(inherited)",
					"@executable_path/Frameworks",
				);
				MARKETING_VERSION = 1.0;
				PRODUCT_NAME = "$(TARGET_NAME)";
				PROVISIONING_PROFILE_SPECIFIER = "";
				"PROVISIONING_PROFILE_SPECIFIER[sdk=macosx*]" = "";
				SUPPORTS_MACCATALYST = NO;
				SWIFT_EMIT_LOC_STRINGS = YES;
				SWIFT_VERSION = 5.0;
				TARGETED_DEVICE_FAMILY = "1,2";
			};
			name = Debug;
		};
		094EE32526DCE212008C1637 /* Release */ = {
			isa = XCBuildConfiguration;
			buildSettings = {
				ASSETCATALOG_COMPILER_APPICON_NAME = AppIcon;
				ASSETCATALOG_COMPILER_GLOBAL_ACCENT_COLOR_NAME = AccentColor;
				CODE_SIGN_ENTITLEMENTS = SwiftFCSDKSample/SwiftFCSDKSample.entitlements;
				CODE_SIGN_IDENTITY = "Apple Development";
				"CODE_SIGN_IDENTITY[sdk=macosx*]" = "Apple Development";
				CODE_SIGN_STYLE = Automatic;
				CURRENT_PROJECT_VERSION = 1.5;
				DEVELOPMENT_ASSET_PATHS = "\"SwiftFCSDKSample/Preview Content\"";
				DEVELOPMENT_TEAM = "";
				ENABLE_PREVIEWS = YES;
				GENERATE_INFOPLIST_FILE = YES;
				INFOPLIST_FILE = SwiftFCSDKSample/Info.plist;
				INFOPLIST_KEY_CFBundleExecutable = SwiftFCSDKSample;
				INFOPLIST_KEY_CFBundleName = SwiftFCSDKSample;
				INFOPLIST_KEY_CFBundleVersion = 1;
				INFOPLIST_KEY_NSCameraUsageDescription = "Video Confernecing";
				INFOPLIST_KEY_NSMicrophoneUsageDescription = "VoIP Calls";
				INFOPLIST_KEY_UIApplicationSceneManifest_Generation = YES;
				INFOPLIST_KEY_UIApplicationSupportsIndirectInputEvents = YES;
				INFOPLIST_KEY_UILaunchScreen_Generation = YES;
				INFOPLIST_KEY_UISupportedInterfaceOrientations = UIInterfaceOrientationLandscapeLeft;
				INFOPLIST_KEY_UISupportedInterfaceOrientations_iPad = "UIInterfaceOrientationPortrait UIInterfaceOrientationPortraitUpsideDown UIInterfaceOrientationLandscapeLeft UIInterfaceOrientationLandscapeRight";
				INFOPLIST_KEY_UISupportedInterfaceOrientations_iPhone = "UIInterfaceOrientationPortrait UIInterfaceOrientationLandscapeLeft UIInterfaceOrientationLandscapeRight";
				IPHONEOS_DEPLOYMENT_TARGET = 15.0;
				LD_RUNPATH_SEARCH_PATHS = (
					"$(inherited)",
					"@executable_path/Frameworks",
				);
				MARKETING_VERSION = 1.0;
				PRODUCT_NAME = "$(TARGET_NAME)";
				PROVISIONING_PROFILE_SPECIFIER = "";
				"PROVISIONING_PROFILE_SPECIFIER[sdk=macosx*]" = "";
				SUPPORTS_MACCATALYST = NO;
				SWIFT_EMIT_LOC_STRINGS = YES;
				SWIFT_VERSION = 5.0;
				TARGETED_DEVICE_FAMILY = "1,2";
			};
			name = Release;
		};
		094EE32726DCE212008C1637 /* Debug */ = {
			isa = XCBuildConfiguration;
			buildSettings = {
				ALWAYS_EMBED_SWIFT_STANDARD_LIBRARIES = YES;
				BUNDLE_LOADER = "$(TEST_HOST)";
				CODE_SIGN_STYLE = Automatic;
				CURRENT_PROJECT_VERSION = 1;
				DEVELOPMENT_TEAM = 6SMQB2LH3S;
				GENERATE_INFOPLIST_FILE = YES;
				IPHONEOS_DEPLOYMENT_TARGET = 14.0;
				LD_RUNPATH_SEARCH_PATHS = (
					"$(inherited)",
					"@executable_path/Frameworks",
					"@loader_path/Frameworks",
				);
				MARKETING_VERSION = 1.0;
				PRODUCT_BUNDLE_IDENTIFIER = "com.cba-japan.SwiftFCSDKSampleTests";
				PRODUCT_NAME = "$(TARGET_NAME)";
				SWIFT_EMIT_LOC_STRINGS = NO;
				SWIFT_VERSION = 5.0;
				TARGETED_DEVICE_FAMILY = "1,2";
				TEST_HOST = "$(BUILT_PRODUCTS_DIR)/SwiftFCSDKSample.app/SwiftFCSDKSample";
			};
			name = Debug;
		};
		094EE32826DCE212008C1637 /* Release */ = {
			isa = XCBuildConfiguration;
			buildSettings = {
				ALWAYS_EMBED_SWIFT_STANDARD_LIBRARIES = YES;
				BUNDLE_LOADER = "$(TEST_HOST)";
				CODE_SIGN_STYLE = Automatic;
				CURRENT_PROJECT_VERSION = 1;
				DEVELOPMENT_TEAM = 6SMQB2LH3S;
				GENERATE_INFOPLIST_FILE = YES;
				IPHONEOS_DEPLOYMENT_TARGET = 14.0;
				LD_RUNPATH_SEARCH_PATHS = (
					"$(inherited)",
					"@executable_path/Frameworks",
					"@loader_path/Frameworks",
				);
				MARKETING_VERSION = 1.0;
				PRODUCT_BUNDLE_IDENTIFIER = "com.cba-japan.SwiftFCSDKSampleTests";
				PRODUCT_NAME = "$(TARGET_NAME)";
				SWIFT_EMIT_LOC_STRINGS = NO;
				SWIFT_VERSION = 5.0;
				TARGETED_DEVICE_FAMILY = "1,2";
				TEST_HOST = "$(BUILT_PRODUCTS_DIR)/SwiftFCSDKSample.app/SwiftFCSDKSample";
			};
			name = Release;
		};
		094EE32A26DCE212008C1637 /* Debug */ = {
			isa = XCBuildConfiguration;
			buildSettings = {
				ALWAYS_EMBED_SWIFT_STANDARD_LIBRARIES = YES;
				CODE_SIGN_STYLE = Automatic;
				CURRENT_PROJECT_VERSION = 1;
				DEVELOPMENT_TEAM = 6SMQB2LH3S;
				GENERATE_INFOPLIST_FILE = YES;
				LD_RUNPATH_SEARCH_PATHS = (
					"$(inherited)",
					"@executable_path/Frameworks",
					"@loader_path/Frameworks",
				);
				MARKETING_VERSION = 1.0;
				PRODUCT_BUNDLE_IDENTIFIER = "com.cba-japan.SwiftFCSDKSampleUITests";
				PRODUCT_NAME = "$(TARGET_NAME)";
				SWIFT_EMIT_LOC_STRINGS = NO;
				SWIFT_VERSION = 5.0;
				TARGETED_DEVICE_FAMILY = "1,2";
				TEST_TARGET_NAME = SwiftFCSDKSample;
			};
			name = Debug;
		};
		094EE32B26DCE212008C1637 /* Release */ = {
			isa = XCBuildConfiguration;
			buildSettings = {
				ALWAYS_EMBED_SWIFT_STANDARD_LIBRARIES = YES;
				CODE_SIGN_STYLE = Automatic;
				CURRENT_PROJECT_VERSION = 1;
				DEVELOPMENT_TEAM = 6SMQB2LH3S;
				GENERATE_INFOPLIST_FILE = YES;
				LD_RUNPATH_SEARCH_PATHS = (
					"$(inherited)",
					"@executable_path/Frameworks",
					"@loader_path/Frameworks",
				);
				MARKETING_VERSION = 1.0;
				PRODUCT_BUNDLE_IDENTIFIER = "com.cba-japan.SwiftFCSDKSampleUITests";
				PRODUCT_NAME = "$(TARGET_NAME)";
				SWIFT_EMIT_LOC_STRINGS = NO;
				SWIFT_VERSION = 5.0;
				TARGETED_DEVICE_FAMILY = "1,2";
				TEST_TARGET_NAME = SwiftFCSDKSample;
			};
			name = Release;
		};
/* End XCBuildConfiguration section */

/* Begin XCConfigurationList section */
		094EE2FC26DCE211008C1637 /* Build configuration list for PBXProject "SwiftFCSDKSample" */ = {
			isa = XCConfigurationList;
			buildConfigurations = (
				094EE32126DCE212008C1637 /* Debug */,
				094EE32226DCE212008C1637 /* Release */,
			);
			defaultConfigurationIsVisible = 0;
			defaultConfigurationName = Release;
		};
		094EE32326DCE212008C1637 /* Build configuration list for PBXNativeTarget "SwiftFCSDKSample" */ = {
			isa = XCConfigurationList;
			buildConfigurations = (
				094EE32426DCE212008C1637 /* Debug */,
				094EE32526DCE212008C1637 /* Release */,
			);
			defaultConfigurationIsVisible = 0;
			defaultConfigurationName = Release;
		};
		094EE32626DCE212008C1637 /* Build configuration list for PBXNativeTarget "SwiftFCSDKSampleTests" */ = {
			isa = XCConfigurationList;
			buildConfigurations = (
				094EE32726DCE212008C1637 /* Debug */,
				094EE32826DCE212008C1637 /* Release */,
			);
			defaultConfigurationIsVisible = 0;
			defaultConfigurationName = Release;
		};
		094EE32926DCE212008C1637 /* Build configuration list for PBXNativeTarget "SwiftFCSDKSampleUITests" */ = {
			isa = XCConfigurationList;
			buildConfigurations = (
				094EE32A26DCE212008C1637 /* Debug */,
				094EE32B26DCE212008C1637 /* Release */,
			);
			defaultConfigurationIsVisible = 0;
			defaultConfigurationName = Release;
		};
/* End XCConfigurationList section */

/* Begin XCSwiftPackageProductDependency section */
		091F6B4227426CD5001F6F11 /* FCSDKiOS */ = {
			isa = XCSwiftPackageProductDependency;
			productName = FCSDKiOS;
		};
		09E0DFFD27439AB900505F86 /* FCSDKiOS */ = {
			isa = XCSwiftPackageProductDependency;
			productName = FCSDKiOS;
		};
/* End XCSwiftPackageProductDependency section */
	};
	rootObject = 094EE2F926DCE211008C1637 /* Project object */;
}
